
Microsoft Visual Studio Solution File, Format Version 12.00
# Visual Studio Version 17
VisualStudioVersion = 17.14.36221.1 d17.14
MinimumVisualStudioVersion = 10.0.40219.1
Project("{FAE04EC0-301F-11D3-BF4B-00C04F79EFBC}") = "Futebol_Semanal_API", "Futebol_Semanal_API.csproj", "{52493B15-A062-495A-A6E2-5D2DB41D79F1}"
EndProject
Global
	GlobalSection(SolutionConfigurationPlatforms) = preSolution
		Debug|Any CPU = Debug|Any CPU
		Release|Any CPU = Release|Any CPU
	EndGlobalSection
	GlobalSection(ProjectConfigurationPlatforms) = postSolution
		{52493B15-A062-495A-A6E2-5D2DB41D79F1}.Debug|Any CPU.ActiveCfg = Debug|Any CPU
		{52493B15-A062-495A-A6E2-5D2DB41D79F1}.Debug|Any CPU.Build.0 = Debug|Any CPU
		{52493B15-A062-495A-A6E2-5D2DB41D79F1}.Release|Any CPU.ActiveCfg = Release|Any CPU
		{52493B15-A062-495A-A6E2-5D2DB41D79F1}.Release|Any CPU.Build.0 = Release|Any CPU
	EndGlobalSection
	GlobalSection(SolutionProperties) = preSolution
		HideSolutionNode = FALSE
	EndGlobalSection
	GlobalSection(ExtensibilityGlobals) = postSolution
		SolutionGuid = {7EFF4681-740C-43DE-8ABA-EE2859BA17AD}
	EndGlobalSection
EndGlobal
